
Microsoft Visual Studio Solution File, Format Version 12.00
# Visual Studio 15
VisualStudioVersion = 15.0.26124.0
MinimumVisualStudioVersion = 15.0.26124.0
Project("{2150E333-8FDC-42A3-9474-1A3956D46DE8}") = "src", "src", "{8A8AB4EC-320B-445D-9590-218F4350EA3A}"
EndProject
Project("{FAE04EC0-301F-11D3-BF4B-00C04F79EFBC}") = "MessageBoard.Api", "src\MessageBoard.Api\MessageBoard.Api.csproj", "{01400C4E-0262-4A2A-BD05-676D7054DF78}"
EndProject
Project("{FAE04EC0-301F-11D3-BF4B-00C04F79EFBC}") = "MessageBoard.Application", "src\MessageBoard.Application\MessageBoard.Application.csproj", "{D4BC0127-347E-4194-BEB0-0B75BFE750C7}"
EndProject
Project("{FAE04EC0-301F-11D3-BF4B-00C04F79EFBC}") = "MessageBoard.Domain", "src\MessageBoard.Domain\MessageBoard.Domain.csproj", "{06D6A154-AC49-409C-A1CF-A0BDBA5B6BB5}"
EndProject
Project("{FAE04EC0-301F-11D3-BF4B-00C04F79EFBC}") = "MessageBoard.Infrastructure", "src\MessageBoard.Infrastructure\MessageBoard.Infrastructure.csproj", "{EAB97DBD-27AA-435F-A7A2-D2AC61A27588}"
EndProject
Project("{2150E333-8FDC-42A3-9474-1A3956D46DE8}") = "test", "test", "{03C6F23C-637A-40F3-8C07-AB327A0FAEDF}"
EndProject
Project("{FAE04EC0-301F-11D3-BF4B-00C04F79EFBC}") = "UnitTests", "test\UnitTests\UnitTests.csproj", "{24228591-235C-445E-A69F-2F63431D7F56}"
EndProject
Global
	GlobalSection(SolutionConfigurationPlatforms) = preSolution
		Debug|Any CPU = Debug|Any CPU
		Debug|x64 = Debug|x64
		Debug|x86 = Debug|x86
		Release|Any CPU = Release|Any CPU
		Release|x64 = Release|x64
		Release|x86 = Release|x86
	EndGlobalSection
	GlobalSection(SolutionProperties) = preSolution
		HideSolutionNode = FALSE
	EndGlobalSection
	GlobalSection(ProjectConfigurationPlatforms) = postSolution
		{01400C4E-0262-4A2A-BD05-676D7054DF78}.Debug|Any CPU.ActiveCfg = Debug|Any CPU
		{01400C4E-0262-4A2A-BD05-676D7054DF78}.Debug|Any CPU.Build.0 = Debug|Any CPU
		{01400C4E-0262-4A2A-BD05-676D7054DF78}.Debug|x64.ActiveCfg = Debug|Any CPU
		{01400C4E-0262-4A2A-BD05-676D7054DF78}.Debug|x64.Build.0 = Debug|Any CPU
		{01400C4E-0262-4A2A-BD05-676D7054DF78}.Debug|x86.ActiveCfg = Debug|Any CPU
		{01400C4E-0262-4A2A-BD05-676D7054DF78}.Debug|x86.Build.0 = Debug|Any CPU
		{01400C4E-0262-4A2A-BD05-676D7054DF78}.Release|Any CPU.ActiveCfg = Release|Any CPU
		{01400C4E-0262-4A2A-BD05-676D7054DF78}.Release|Any CPU.Build.0 = Release|Any CPU
		{01400C4E-0262-4A2A-BD05-676D7054DF78}.Release|x64.ActiveCfg = Release|Any CPU
		{01400C4E-0262-4A2A-BD05-676D7054DF78}.Release|x64.Build.0 = Release|Any CPU
		{01400C4E-0262-4A2A-BD05-676D7054DF78}.Release|x86.ActiveCfg = Release|Any CPU
		{01400C4E-0262-4A2A-BD05-676D7054DF78}.Release|x86.Build.0 = Release|Any CPU
		{D4BC0127-347E-4194-BEB0-0B75BFE750C7}.Debug|Any CPU.ActiveCfg = Debug|Any CPU
		{D4BC0127-347E-4194-BEB0-0B75BFE750C7}.Debug|Any CPU.Build.0 = Debug|Any CPU
		{D4BC0127-347E-4194-BEB0-0B75BFE750C7}.Debug|x64.ActiveCfg = Debug|Any CPU
		{D4BC0127-347E-4194-BEB0-0B75BFE750C7}.Debug|x64.Build.0 = Debug|Any CPU
		{D4BC0127-347E-4194-BEB0-0B75BFE750C7}.Debug|x86.ActiveCfg = Debug|Any CPU
		{D4BC0127-347E-4194-BEB0-0B75BFE750C7}.Debug|x86.Build.0 = Debug|Any CPU
		{D4BC0127-347E-4194-BEB0-0B75BFE750C7}.Release|Any CPU.ActiveCfg = Release|Any CPU
		{D4BC0127-347E-4194-BEB0-0B75BFE750C7}.Release|Any CPU.Build.0 = Release|Any CPU
		{D4BC0127-347E-4194-BEB0-0B75BFE750C7}.Release|x64.ActiveCfg = Release|Any CPU
		{D4BC0127-347E-4194-BEB0-0B75BFE750C7}.Release|x64.Build.0 = Release|Any CPU
		{D4BC0127-347E-4194-BEB0-0B75BFE750C7}.Release|x86.ActiveCfg = Release|Any CPU
		{D4BC0127-347E-4194-BEB0-0B75BFE750C7}.Release|x86.Build.0 = Release|Any CPU
		{06D6A154-AC49-409C-A1CF-A0BDBA5B6BB5}.Debug|Any CPU.ActiveCfg = Debug|Any CPU
		{06D6A154-AC49-409C-A1CF-A0BDBA5B6BB5}.Debug|Any CPU.Build.0 = Debug|Any CPU
		{06D6A154-AC49-409C-A1CF-A0BDBA5B6BB5}.Debug|x64.ActiveCfg = Debug|Any CPU
		{06D6A154-AC49-409C-A1CF-A0BDBA5B6BB5}.Debug|x64.Build.0 = Debug|Any CPU
		{06D6A154-AC49-409C-A1CF-A0BDBA5B6BB5}.Debug|x86.ActiveCfg = Debug|Any CPU
		{06D6A154-AC49-409C-A1CF-A0BDBA5B6BB5}.Debug|x86.Build.0 = Debug|Any CPU
		{06D6A154-AC49-409C-A1CF-A0BDBA5B6BB5}.Release|Any CPU.ActiveCfg = Release|Any CPU
		{06D6A154-AC49-409C-A1CF-A0BDBA5B6BB5}.Release|Any CPU.Build.0 = Release|Any CPU
		{06D6A154-AC49-409C-A1CF-A0BDBA5B6BB5}.Release|x64.ActiveCfg = Release|Any CPU
		{06D6A154-AC49-409C-A1CF-A0BDBA5B6BB5}.Release|x64.Build.0 = Release|Any CPU
		{06D6A154-AC49-409C-A1CF-A0BDBA5B6BB5}.Release|x86.ActiveCfg = Release|Any CPU
		{06D6A154-AC49-409C-A1CF-A0BDBA5B6BB5}.Release|x86.Build.0 = Release|Any CPU
		{EAB97DBD-27AA-435F-A7A2-D2AC61A27588}.Debug|Any CPU.ActiveCfg = Debug|Any CPU
		{EAB97DBD-27AA-435F-A7A2-D2AC61A27588}.Debug|Any CPU.Build.0 = Debug|Any CPU
		{EAB97DBD-27AA-435F-A7A2-D2AC61A27588}.Debug|x64.ActiveCfg = Debug|Any CPU
		{EAB97DBD-27AA-435F-A7A2-D2AC61A27588}.Debug|x64.Build.0 = Debug|Any CPU
		{EAB97DBD-27AA-435F-A7A2-D2AC61A27588}.Debug|x86.ActiveCfg = Debug|Any CPU
		{EAB97DBD-27AA-435F-A7A2-D2AC61A27588}.Debug|x86.Build.0 = Debug|Any CPU
		{EAB97DBD-27AA-435F-A7A2-D2AC61A27588}.Release|Any CPU.ActiveCfg = Release|Any CPU
		{EAB97DBD-27AA-435F-A7A2-D2AC61A27588}.Release|Any CPU.Build.0 = Release|Any CPU
		{EAB97DBD-27AA-435F-A7A2-D2AC61A27588}.Release|x64.ActiveCfg = Release|Any CPU
		{EAB97DBD-27AA-435F-A7A2-D2AC61A27588}.Release|x64.Build.0 = Release|Any CPU
		{EAB97DBD-27AA-435F-A7A2-D2AC61A27588}.Release|x86.ActiveCfg = Release|Any CPU
		{EAB97DBD-27AA-435F-A7A2-D2AC61A27588}.Release|x86.Build.0 = Release|Any CPU
		{24228591-235C-445E-A69F-2F63431D7F56}.Debug|Any CPU.ActiveCfg = Debug|Any CPU
		{24228591-235C-445E-A69F-2F63431D7F56}.Debug|Any CPU.Build.0 = Debug|Any CPU
		{24228591-235C-445E-A69F-2F63431D7F56}.Debug|x64.ActiveCfg = Debug|Any CPU
		{24228591-235C-445E-A69F-2F63431D7F56}.Debug|x64.Build.0 = Debug|Any CPU
		{24228591-235C-445E-A69F-2F63431D7F56}.Debug|x86.ActiveCfg = Debug|Any CPU
		{24228591-235C-445E-A69F-2F63431D7F56}.Debug|x86.Build.0 = Debug|Any CPU
		{24228591-235C-445E-A69F-2F63431D7F56}.Release|Any CPU.ActiveCfg = Release|Any CPU
		{24228591-235C-445E-A69F-2F63431D7F56}.Release|Any CPU.Build.0 = Release|Any CPU
		{24228591-235C-445E-A69F-2F63431D7F56}.Release|x64.ActiveCfg = Release|Any CPU
		{24228591-235C-445E-A69F-2F63431D7F56}.Release|x64.Build.0 = Release|Any CPU
		{24228591-235C-445E-A69F-2F63431D7F56}.Release|x86.ActiveCfg = Release|Any CPU
		{24228591-235C-445E-A69F-2F63431D7F56}.Release|x86.Build.0 = Release|Any CPU
	EndGlobalSection
	GlobalSection(NestedProjects) = preSolution
		{01400C4E-0262-4A2A-BD05-676D7054DF78} = {8A8AB4EC-320B-445D-9590-218F4350EA3A}
		{D4BC0127-347E-4194-BEB0-0B75BFE750C7} = {8A8AB4EC-320B-445D-9590-218F4350EA3A}
		{06D6A154-AC49-409C-A1CF-A0BDBA5B6BB5} = {8A8AB4EC-320B-445D-9590-218F4350EA3A}
		{EAB97DBD-27AA-435F-A7A2-D2AC61A27588} = {8A8AB4EC-320B-445D-9590-218F4350EA3A}
		{24228591-235C-445E-A69F-2F63431D7F56} = {03C6F23C-637A-40F3-8C07-AB327A0FAEDF}
	EndGlobalSection
EndGlobal
